
Microsoft Visual Studio Solution File, Format Version 12.00
# Visual Studio Version 16
VisualStudioVersion = 16.0.31424.327
MinimumVisualStudioVersion = 10.0.40219.1
Project("{FAE04EC0-301F-11D3-BF4B-00C04F79EFBC}") = "CorporateClass", "CorporateClass\CorporateClass.csproj", "{5C529B4B-9A35-46F7-945C-CCCEB6D76C64}"
EndProject
Global
	GlobalSection(SolutionConfigurationPlatforms) = preSolution
		Debug|Any CPU = Debug|Any CPU
		Release|Any CPU = Release|Any CPU
	EndGlobalSection
	GlobalSection(ProjectConfigurationPlatforms) = postSolution
		{5C529B4B-9A35-46F7-945C-CCCEB6D76C64}.Debug|Any CPU.ActiveCfg = Debug|Any CPU
		{5C529B4B-9A35-46F7-945C-CCCEB6D76C64}.Debug|Any CPU.Build.0 = Debug|Any CPU
		{5C529B4B-9A35-46F7-945C-CCCEB6D76C64}.Release|Any CPU.ActiveCfg = Release|Any CPU
		{5C529B4B-9A35-46F7-945C-CCCEB6D76C64}.Release|Any CPU.Build.0 = Release|Any CPU
	EndGlobalSection
	GlobalSection(SolutionProperties) = preSolution
		HideSolutionNode = FALSE
	EndGlobalSection
	GlobalSection(ExtensibilityGlobals) = postSolution
		SolutionGuid = {F3D942E8-B3F2-4009-9465-0BB6A945B82D}
	EndGlobalSection
EndGlobal
